
Microsoft Visual Studio Solution File, Format Version 12.00
# Visual Studio Version 17
VisualStudioVersion = 17.0.31903.59
MinimumVisualStudioVersion = 10.0.40219.1
Project("{2150E333-8FDC-42A3-9474-1A3956D46DE8}") = "day1", "day1", "{EDC020C5-4F95-438A-8855-F6AAC2B24BF9}"
EndProject
Project("{FAE04EC0-301F-11D3-BF4B-00C04F79EFBC}") = "Day1Puzzle1", "day1\Day1Puzzle1\Day1Puzzle1.csproj", "{CC60A2C2-4763-46E7-95C2-69D0F0E1DF57}"
EndProject
Project("{FAE04EC0-301F-11D3-BF4B-00C04F79EFBD}") = "Day1Puzzle2", "day1\Day1Puzzle2\Day1Puzzle2.csproj", "{4F0954BF-25AA-4165-A50D-394D50458E32}"
EndProject
Project("{2150E333-8FDC-42A3-9474-1A3956D46DE8}") = "day2", "day2", "{EDC020C5-4F95-438A-8855-F6AAC2B24BF8}"
EndProject
Project("{FAE04EC0-301F-11D3-BF4B-00C04F79EFBE}") = "Day2Puzzle1", "day2\Day2Puzzle1\Day2Puzzle1.csproj", "{9739124D-071D-4705-B1C6-AB4C49F965EC}"
EndProject
Project("{FAE04EC0-301F-11D3-BF4B-00C04F79EFBC}") = "Day2Puzzle2", "day2\Day2Puzzle2\Day2Puzzle2.csproj", "{F81D0DEA-DF42-47FE-AAA0-A7298BF0C971}"
EndProject
Project("{2150E333-8FDC-42A3-9474-1A3956D46DE8}") = "day3", "day3", "{C52E9B51-2A83-4467-9446-54C5DF576A46}"
EndProject
Project("{FAE04EC0-301F-11D3-BF4B-00C04F79EFBC}") = "Day3Puzzle1", "day3\Day3Puzzle1\Day3Puzzle1.csproj", "{6A871F8F-5544-4A1E-ABCD-133DC83F500F}"
EndProject
Project("{FAE04EC0-301F-11D3-BF4B-00C04F79EFBC}") = "Day3Puzzle2", "day3\Day3Puzzle2\Day3Puzzle2.csproj", "{FEA473D5-4DFB-4E6A-9B99-609F3CDA45C2}"
EndProject
Project("{2150E333-8FDC-42A3-9474-1A3956D46DE8}") = "day4", "day4", "{5C556B51-55F1-4EDE-82A5-AB7D507FAF8F}"
EndProject
Project("{FAE04EC0-301F-11D3-BF4B-00C04F79EFBC}") = "Day4Puzzle1", "day4\Day4Puzzle1\Day4Puzzle1.csproj", "{412D4789-E4C2-476E-A9BB-643B5F12B140}"
EndProject
Project("{FAE04EC0-301F-11D3-BF4B-00C04F79EFBC}") = "Day4Puzzle2", "day4\Day4Puzzle2\Day4Puzzle2.csproj", "{017240F9-A974-42A2-9970-11FB5DE5CECB}"
EndProject
Project("{2150E333-8FDC-42A3-9474-1A3956D46DE8}") = "day5", "day5", "{AF305330-E265-4B93-86AE-72198EB14224}"
EndProject
Project("{FAE04EC0-301F-11D3-BF4B-00C04F79EFBC}") = "Day5Puzzle1", "day5\Day5Puzzle1\Day5Puzzle1.csproj", "{C387F21E-9B86-4197-AABF-13CD1588D960}"
EndProject
Project("{FAE04EC0-301F-11D3-BF4B-00C04F79EFBC}") = "Day5Puzzle2", "day5\Day5Puzzle2\Day5Puzzle2.csproj", "{12EC8855-CBF8-4D31-B274-2B7AE24CE162}"
EndProject
Project("{2150E333-8FDC-42A3-9474-1A3956D46DE8}") = "day6", "day6", "{CB6CEAEF-42B2-4FEA-A3CC-7CE679F572D9}"
EndProject
Project("{FAE04EC0-301F-11D3-BF4B-00C04F79EFBC}") = "Day6Puzzle1", "day6\Day6Puzzle1\Day6Puzzle1.csproj", "{29CC0B88-2329-48BE-AEA6-BDB8CFB211D4}"
EndProject
Project("{FAE04EC0-301F-11D3-BF4B-00C04F79EFBC}") = "Day6Puzzle2", "day6\Day6Puzzle2\Day6Puzzle2.csproj", "{0B7CD58C-95F0-48D9-B6BC-7FA5EF58FC7A}"
EndProject
Project("{2150E333-8FDC-42A3-9474-1A3956D46DE8}") = "day7", "day7", "{82998407-86D0-4E01-972A-9AE8B8887D5F}"
EndProject
Project("{FAE04EC0-301F-11D3-BF4B-00C04F79EFBC}") = "Day7Puzzle1", "day7\Day7Puzzle1\Day7Puzzle1.csproj", "{BEACE087-511E-4FB0-A4AE-8C926B38AD73}"
EndProject
Project("{FAE04EC0-301F-11D3-BF4B-00C04F79EFBC}") = "Day7Puzzle2", "day7\Day7Puzzle2\Day7Puzzle2.csproj", "{9FB941ED-4913-487C-A515-E8CB769D2383}"
EndProject
Project("{2150E333-8FDC-42A3-9474-1A3956D46DE8}") = "day8", "day8", "{62CA037B-D088-4C3E-9000-A42AAA295329}"
EndProject
Project("{FAE04EC0-301F-11D3-BF4B-00C04F79EFBC}") = "Day8Puzzle1", "day8\Day8Puzzle1\Day8Puzzle1.csproj", "{F1FB874B-BAF3-4249-A8D8-CCA25289905D}"
EndProject
Project("{FAE04EC0-301F-11D3-BF4B-00C04F79EFBC}") = "Day8Puzzle2", "day8\Day8Puzzle2\Day8Puzzle2.csproj", "{01BF9CA9-09D1-4DB5-A3F0-89B90500340C}"
EndProject
Project("{2150E333-8FDC-42A3-9474-1A3956D46DE8}") = "day9", "day9", "{E391406E-81B0-429C-988E-CAC2753E2214}"
EndProject
Project("{FAE04EC0-301F-11D3-BF4B-00C04F79EFBC}") = "Day9Puzzle1", "day9\Day9Puzzle1\Day9Puzzle1.csproj", "{61B9D075-F115-4E0C-A72C-B3CDCC1635B4}"
EndProject
Project("{FAE04EC0-301F-11D3-BF4B-00C04F79EFBC}") = "Day9Puzzle2", "day9\Day9Puzzle2\Day9Puzzle2.csproj", "{1FC6F672-3E74-46A4-997F-8F0B815B6B06}"
EndProject
Project("{2150E333-8FDC-42A3-9474-1A3956D46DE8}") = "day10", "day10", "{1434360F-652D-4175-906C-E1DBF9A7E7D8}"
EndProject
Project("{FAE04EC0-301F-11D3-BF4B-00C04F79EFBC}") = "Day10Puzzle1", "day10\Day10Puzzle1\Day10Puzzle1.csproj", "{43D0AF8B-53AF-4CC8-825B-B3332AC5D547}"
EndProject
Project("{FAE04EC0-301F-11D3-BF4B-00C04F79EFBC}") = "Day10Puzzle2", "day10\Day10Puzzle2\Day10Puzzle2.csproj", "{CA53572A-8207-49EE-823D-1A2CBA353285}"
EndProject
Project("{2150E333-8FDC-42A3-9474-1A3956D46DE8}") = "day11", "day11", "{2EAB4762-B34C-4768-BA31-89B67A6AD0E9}"
EndProject
Project("{FAE04EC0-301F-11D3-BF4B-00C04F79EFBC}") = "Day11Puzzle1", "day11\Day11Puzzle1\Day11Puzzle1.csproj", "{F89393BF-8223-4471-8801-B79484C6E1F9}"
EndProject
Project("{FAE04EC0-301F-11D3-BF4B-00C04F79EFBC}") = "Day11Puzzle2", "day11\Day11Puzzle2\Day11Puzzle2.csproj", "{0E155361-39AA-4A78-98D3-909E2CCBEF14}"
EndProject
Project("{2150E333-8FDC-42A3-9474-1A3956D46DE8}") = "day12", "day12", "{9E9BDA9C-DECD-4415-A361-7163340EED7B}"
EndProject
Project("{FAE04EC0-301F-11D3-BF4B-00C04F79EFBC}") = "Day12Puzzle1", "day12\Day12Puzzle1\Day12Puzzle1.csproj", "{0DED4EAF-0084-4CA0-9AD5-9CEC8A8C1D67}"
EndProject
Project("{FAE04EC0-301F-11D3-BF4B-00C04F79EFBC}") = "Day12Puzzle2", "day12\Day12Puzzle2\Day12Puzzle2.csproj", "{DBC002C3-3E9E-4862-B4AF-D9A2FE78BD8F}"
EndProject
Project("{2150E333-8FDC-42A3-9474-1A3956D46DE8}") = "day13", "day13", "{DBF28E24-1862-457D-A879-E20BA2646378}"
EndProject
Project("{FAE04EC0-301F-11D3-BF4B-00C04F79EFBC}") = "Day13Puzzle1", "day13\Day13Puzzle1\Day13Puzzle1.csproj", "{8A7128D0-90BB-4EB5-83DE-71AAF557FB73}"
EndProject
Project("{FAE04EC0-301F-11D3-BF4B-00C04F79EFBC}") = "Day13Puzzle2", "day13\Day13Puzzle2\Day13Puzzle2.csproj", "{32A71C5A-3AEA-48D4-BBC8-57FA87AAF548}"
EndProject
Project("{2150E333-8FDC-42A3-9474-1A3956D46DE8}") = "day14", "day14", "{F94D07E8-2E3B-4231-8799-F7CA0EE6AB62}"
EndProject
Project("{FAE04EC0-301F-11D3-BF4B-00C04F79EFBC}") = "Day14Puzzle1", "day14\Day14Puzzle1\Day14Puzzle1.csproj", "{44665BD1-B97E-4EC1-8631-852CD1170A14}"
EndProject
Project("{FAE04EC0-301F-11D3-BF4B-00C04F79EFBC}") = "Day14Puzzle2", "day14\Day14Puzzle2\Day14Puzzle2.csproj", "{3D4BB670-3614-4E8F-AF90-18522C382F89}"
EndProject
Project("{2150E333-8FDC-42A3-9474-1A3956D46DE8}") = "day15", "day15", "{50607D37-2DFD-497C-B5CE-E627D443922D}"
EndProject
Project("{FAE04EC0-301F-11D3-BF4B-00C04F79EFBC}") = "Day15Puzzle1", "day15\Day15Puzzle1\Day15Puzzle1.csproj", "{DEB7398E-234B-4F6E-8A98-5D047EEB23DB}"
EndProject
Project("{FAE04EC0-301F-11D3-BF4B-00C04F79EFBC}") = "Day15Puzzle2", "day15\Day15Puzzle2\Day15Puzzle2.csproj", "{D8FF8BCE-3AC6-494C-AF1F-4F58E6529D00}"
EndProject
Project("{2150E333-8FDC-42A3-9474-1A3956D46DE8}") = "day16", "day16", "{768D3CE0-2C2C-49D0-B477-48ECD2431E3F}"
EndProject
Project("{FAE04EC0-301F-11D3-BF4B-00C04F79EFBC}") = "Day16Puzzle1", "day16\Day16Puzzle1\Day16Puzzle1.csproj", "{B8212D9D-4B97-4F0D-9F2A-FA25E14C8CED}"
EndProject
Project("{FAE04EC0-301F-11D3-BF4B-00C04F79EFBC}") = "Day16Puzzle2", "day16\Day16Puzzle2\Day16Puzzle2.csproj", "{35729CF5-4042-419B-BEC5-195D339FBBD9}"
EndProject
Project("{2150E333-8FDC-42A3-9474-1A3956D46DE8}") = "day17", "day17", "{CF14403F-6031-4FED-874F-FEBE3E9A81BE}"
EndProject
Project("{FAE04EC0-301F-11D3-BF4B-00C04F79EFBC}") = "Day17Puzzle1", "day17\Day17Puzzle1\Day17Puzzle1.csproj", "{5C9F64AA-0C0B-4249-869D-0334AC09698A}"
EndProject
Project("{FAE04EC0-301F-11D3-BF4B-00C04F79EFBC}") = "Day17Puzzle2", "day17\Day17Puzzle2\Day17Puzzle2.csproj", "{DD997D04-12F3-4594-81CD-B687D4CEFBCA}"
EndProject
Global
	GlobalSection(SolutionConfigurationPlatforms) = preSolution
		Debug|Any CPU = Debug|Any CPU
		Release|Any CPU = Release|Any CPU
	EndGlobalSection
	GlobalSection(ProjectConfigurationPlatforms) = postSolution
		{CC60A2C2-4763-46E7-95C2-69D0F0E1DF57}.Debug|Any CPU.ActiveCfg = Debug|Any CPU
		{CC60A2C2-4763-46E7-95C2-69D0F0E1DF57}.Debug|Any CPU.Build.0 = Debug|Any CPU
		{CC60A2C2-4763-46E7-95C2-69D0F0E1DF57}.Release|Any CPU.ActiveCfg = Release|Any CPU
		{CC60A2C2-4763-46E7-95C2-69D0F0E1DF57}.Release|Any CPU.Build.0 = Release|Any CPU
		{4F0954BF-25AA-4165-A50D-394D50458E32}.Debug|Any CPU.ActiveCfg = Debug|Any CPU
		{4F0954BF-25AA-4165-A50D-394D50458E32}.Debug|Any CPU.Build.0 = Debug|Any CPU
		{4F0954BF-25AA-4165-A50D-394D50458E32}.Release|Any CPU.ActiveCfg = Release|Any CPU
		{4F0954BF-25AA-4165-A50D-394D50458E32}.Release|Any CPU.Build.0 = Release|Any CPU
		{9739124D-071D-4705-B1C6-AB4C49F965EC}.Debug|Any CPU.ActiveCfg = Debug|Any CPU
		{9739124D-071D-4705-B1C6-AB4C49F965EC}.Debug|Any CPU.Build.0 = Debug|Any CPU
		{9739124D-071D-4705-B1C6-AB4C49F965EC}.Release|Any CPU.ActiveCfg = Release|Any CPU
		{9739124D-071D-4705-B1C6-AB4C49F965EC}.Release|Any CPU.Build.0 = Release|Any CPU
		{F81D0DEA-DF42-47FE-AAA0-A7298BF0C971}.Debug|Any CPU.ActiveCfg = Debug|Any CPU
		{F81D0DEA-DF42-47FE-AAA0-A7298BF0C971}.Debug|Any CPU.Build.0 = Debug|Any CPU
		{F81D0DEA-DF42-47FE-AAA0-A7298BF0C971}.Release|Any CPU.ActiveCfg = Release|Any CPU
		{F81D0DEA-DF42-47FE-AAA0-A7298BF0C971}.Release|Any CPU.Build.0 = Release|Any CPU
		{6A871F8F-5544-4A1E-ABCD-133DC83F500F}.Debug|Any CPU.ActiveCfg = Debug|Any CPU
		{6A871F8F-5544-4A1E-ABCD-133DC83F500F}.Debug|Any CPU.Build.0 = Debug|Any CPU
		{6A871F8F-5544-4A1E-ABCD-133DC83F500F}.Release|Any CPU.ActiveCfg = Release|Any CPU
		{6A871F8F-5544-4A1E-ABCD-133DC83F500F}.Release|Any CPU.Build.0 = Release|Any CPU
		{FEA473D5-4DFB-4E6A-9B99-609F3CDA45C2}.Debug|Any CPU.ActiveCfg = Debug|Any CPU
		{FEA473D5-4DFB-4E6A-9B99-609F3CDA45C2}.Debug|Any CPU.Build.0 = Debug|Any CPU
		{FEA473D5-4DFB-4E6A-9B99-609F3CDA45C2}.Release|Any CPU.ActiveCfg = Release|Any CPU
		{FEA473D5-4DFB-4E6A-9B99-609F3CDA45C2}.Release|Any CPU.Build.0 = Release|Any CPU
		{412D4789-E4C2-476E-A9BB-643B5F12B140}.Debug|Any CPU.ActiveCfg = Debug|Any CPU
		{412D4789-E4C2-476E-A9BB-643B5F12B140}.Debug|Any CPU.Build.0 = Debug|Any CPU
		{412D4789-E4C2-476E-A9BB-643B5F12B140}.Release|Any CPU.ActiveCfg = Release|Any CPU
		{412D4789-E4C2-476E-A9BB-643B5F12B140}.Release|Any CPU.Build.0 = Release|Any CPU
		{017240F9-A974-42A2-9970-11FB5DE5CECB}.Debug|Any CPU.ActiveCfg = Debug|Any CPU
		{017240F9-A974-42A2-9970-11FB5DE5CECB}.Debug|Any CPU.Build.0 = Debug|Any CPU
		{017240F9-A974-42A2-9970-11FB5DE5CECB}.Release|Any CPU.ActiveCfg = Release|Any CPU
		{017240F9-A974-42A2-9970-11FB5DE5CECB}.Release|Any CPU.Build.0 = Release|Any CPU
		{C387F21E-9B86-4197-AABF-13CD1588D960}.Debug|Any CPU.ActiveCfg = Debug|Any CPU
		{C387F21E-9B86-4197-AABF-13CD1588D960}.Debug|Any CPU.Build.0 = Debug|Any CPU
		{C387F21E-9B86-4197-AABF-13CD1588D960}.Release|Any CPU.ActiveCfg = Release|Any CPU
		{C387F21E-9B86-4197-AABF-13CD1588D960}.Release|Any CPU.Build.0 = Release|Any CPU
		{12EC8855-CBF8-4D31-B274-2B7AE24CE162}.Debug|Any CPU.ActiveCfg = Debug|Any CPU
		{12EC8855-CBF8-4D31-B274-2B7AE24CE162}.Debug|Any CPU.Build.0 = Debug|Any CPU
		{12EC8855-CBF8-4D31-B274-2B7AE24CE162}.Release|Any CPU.ActiveCfg = Release|Any CPU
		{12EC8855-CBF8-4D31-B274-2B7AE24CE162}.Release|Any CPU.Build.0 = Release|Any CPU
		{29CC0B88-2329-48BE-AEA6-BDB8CFB211D4}.Debug|Any CPU.ActiveCfg = Debug|Any CPU
		{29CC0B88-2329-48BE-AEA6-BDB8CFB211D4}.Debug|Any CPU.Build.0 = Debug|Any CPU
		{29CC0B88-2329-48BE-AEA6-BDB8CFB211D4}.Release|Any CPU.ActiveCfg = Release|Any CPU
		{29CC0B88-2329-48BE-AEA6-BDB8CFB211D4}.Release|Any CPU.Build.0 = Release|Any CPU
		{0B7CD58C-95F0-48D9-B6BC-7FA5EF58FC7A}.Debug|Any CPU.ActiveCfg = Debug|Any CPU
		{0B7CD58C-95F0-48D9-B6BC-7FA5EF58FC7A}.Debug|Any CPU.Build.0 = Debug|Any CPU
		{0B7CD58C-95F0-48D9-B6BC-7FA5EF58FC7A}.Release|Any CPU.ActiveCfg = Release|Any CPU
		{0B7CD58C-95F0-48D9-B6BC-7FA5EF58FC7A}.Release|Any CPU.Build.0 = Release|Any CPU
		{BEACE087-511E-4FB0-A4AE-8C926B38AD73}.Debug|Any CPU.ActiveCfg = Debug|Any CPU
		{BEACE087-511E-4FB0-A4AE-8C926B38AD73}.Debug|Any CPU.Build.0 = Debug|Any CPU
		{BEACE087-511E-4FB0-A4AE-8C926B38AD73}.Release|Any CPU.ActiveCfg = Release|Any CPU
		{BEACE087-511E-4FB0-A4AE-8C926B38AD73}.Release|Any CPU.Build.0 = Release|Any CPU
		{9FB941ED-4913-487C-A515-E8CB769D2383}.Debug|Any CPU.ActiveCfg = Debug|Any CPU
		{9FB941ED-4913-487C-A515-E8CB769D2383}.Debug|Any CPU.Build.0 = Debug|Any CPU
		{9FB941ED-4913-487C-A515-E8CB769D2383}.Release|Any CPU.ActiveCfg = Release|Any CPU
		{9FB941ED-4913-487C-A515-E8CB769D2383}.Release|Any CPU.Build.0 = Release|Any CPU
		{F1FB874B-BAF3-4249-A8D8-CCA25289905D}.Debug|Any CPU.ActiveCfg = Debug|Any CPU
		{F1FB874B-BAF3-4249-A8D8-CCA25289905D}.Debug|Any CPU.Build.0 = Debug|Any CPU
		{F1FB874B-BAF3-4249-A8D8-CCA25289905D}.Release|Any CPU.ActiveCfg = Release|Any CPU
		{F1FB874B-BAF3-4249-A8D8-CCA25289905D}.Release|Any CPU.Build.0 = Release|Any CPU
		{01BF9CA9-09D1-4DB5-A3F0-89B90500340C}.Debug|Any CPU.ActiveCfg = Debug|Any CPU
		{01BF9CA9-09D1-4DB5-A3F0-89B90500340C}.Debug|Any CPU.Build.0 = Debug|Any CPU
		{01BF9CA9-09D1-4DB5-A3F0-89B90500340C}.Release|Any CPU.ActiveCfg = Release|Any CPU
		{01BF9CA9-09D1-4DB5-A3F0-89B90500340C}.Release|Any CPU.Build.0 = Release|Any CPU
		{61B9D075-F115-4E0C-A72C-B3CDCC1635B4}.Debug|Any CPU.ActiveCfg = Debug|Any CPU
		{61B9D075-F115-4E0C-A72C-B3CDCC1635B4}.Debug|Any CPU.Build.0 = Debug|Any CPU
		{61B9D075-F115-4E0C-A72C-B3CDCC1635B4}.Release|Any CPU.ActiveCfg = Release|Any CPU
		{61B9D075-F115-4E0C-A72C-B3CDCC1635B4}.Release|Any CPU.Build.0 = Release|Any CPU
		{1FC6F672-3E74-46A4-997F-8F0B815B6B06}.Debug|Any CPU.ActiveCfg = Debug|Any CPU
		{1FC6F672-3E74-46A4-997F-8F0B815B6B06}.Debug|Any CPU.Build.0 = Debug|Any CPU
		{1FC6F672-3E74-46A4-997F-8F0B815B6B06}.Release|Any CPU.ActiveCfg = Release|Any CPU
		{1FC6F672-3E74-46A4-997F-8F0B815B6B06}.Release|Any CPU.Build.0 = Release|Any CPU
		{43D0AF8B-53AF-4CC8-825B-B3332AC5D547}.Debug|Any CPU.ActiveCfg = Debug|Any CPU
		{43D0AF8B-53AF-4CC8-825B-B3332AC5D547}.Debug|Any CPU.Build.0 = Debug|Any CPU
		{43D0AF8B-53AF-4CC8-825B-B3332AC5D547}.Release|Any CPU.ActiveCfg = Release|Any CPU
		{43D0AF8B-53AF-4CC8-825B-B3332AC5D547}.Release|Any CPU.Build.0 = Release|Any CPU
		{CA53572A-8207-49EE-823D-1A2CBA353285}.Debug|Any CPU.ActiveCfg = Debug|Any CPU
		{CA53572A-8207-49EE-823D-1A2CBA353285}.Debug|Any CPU.Build.0 = Debug|Any CPU
		{CA53572A-8207-49EE-823D-1A2CBA353285}.Release|Any CPU.ActiveCfg = Release|Any CPU
		{CA53572A-8207-49EE-823D-1A2CBA353285}.Release|Any CPU.Build.0 = Release|Any CPU
		{F89393BF-8223-4471-8801-B79484C6E1F9}.Debug|Any CPU.ActiveCfg = Debug|Any CPU
		{F89393BF-8223-4471-8801-B79484C6E1F9}.Debug|Any CPU.Build.0 = Debug|Any CPU
		{F89393BF-8223-4471-8801-B79484C6E1F9}.Release|Any CPU.ActiveCfg = Release|Any CPU
		{F89393BF-8223-4471-8801-B79484C6E1F9}.Release|Any CPU.Build.0 = Release|Any CPU
		{0E155361-39AA-4A78-98D3-909E2CCBEF14}.Debug|Any CPU.ActiveCfg = Debug|Any CPU
		{0E155361-39AA-4A78-98D3-909E2CCBEF14}.Debug|Any CPU.Build.0 = Debug|Any CPU
		{0E155361-39AA-4A78-98D3-909E2CCBEF14}.Release|Any CPU.ActiveCfg = Release|Any CPU
		{0E155361-39AA-4A78-98D3-909E2CCBEF14}.Release|Any CPU.Build.0 = Release|Any CPU
		{0DED4EAF-0084-4CA0-9AD5-9CEC8A8C1D67}.Debug|Any CPU.ActiveCfg = Debug|Any CPU
		{0DED4EAF-0084-4CA0-9AD5-9CEC8A8C1D67}.Debug|Any CPU.Build.0 = Debug|Any CPU
		{0DED4EAF-0084-4CA0-9AD5-9CEC8A8C1D67}.Release|Any CPU.ActiveCfg = Release|Any CPU
		{0DED4EAF-0084-4CA0-9AD5-9CEC8A8C1D67}.Release|Any CPU.Build.0 = Release|Any CPU
		{DBC002C3-3E9E-4862-B4AF-D9A2FE78BD8F}.Debug|Any CPU.ActiveCfg = Debug|Any CPU
		{DBC002C3-3E9E-4862-B4AF-D9A2FE78BD8F}.Debug|Any CPU.Build.0 = Debug|Any CPU
		{DBC002C3-3E9E-4862-B4AF-D9A2FE78BD8F}.Release|Any CPU.ActiveCfg = Release|Any CPU
		{DBC002C3-3E9E-4862-B4AF-D9A2FE78BD8F}.Release|Any CPU.Build.0 = Release|Any CPU
		{8A7128D0-90BB-4EB5-83DE-71AAF557FB73}.Debug|Any CPU.ActiveCfg = Debug|Any CPU
		{8A7128D0-90BB-4EB5-83DE-71AAF557FB73}.Debug|Any CPU.Build.0 = Debug|Any CPU
		{8A7128D0-90BB-4EB5-83DE-71AAF557FB73}.Release|Any CPU.ActiveCfg = Release|Any CPU
		{8A7128D0-90BB-4EB5-83DE-71AAF557FB73}.Release|Any CPU.Build.0 = Release|Any CPU
		{32A71C5A-3AEA-48D4-BBC8-57FA87AAF548}.Debug|Any CPU.ActiveCfg = Debug|Any CPU
		{32A71C5A-3AEA-48D4-BBC8-57FA87AAF548}.Debug|Any CPU.Build.0 = Debug|Any CPU
		{32A71C5A-3AEA-48D4-BBC8-57FA87AAF548}.Release|Any CPU.ActiveCfg = Release|Any CPU
		{32A71C5A-3AEA-48D4-BBC8-57FA87AAF548}.Release|Any CPU.Build.0 = Release|Any CPU
		{44665BD1-B97E-4EC1-8631-852CD1170A14}.Debug|Any CPU.ActiveCfg = Debug|Any CPU
		{44665BD1-B97E-4EC1-8631-852CD1170A14}.Debug|Any CPU.Build.0 = Debug|Any CPU
		{44665BD1-B97E-4EC1-8631-852CD1170A14}.Release|Any CPU.ActiveCfg = Release|Any CPU
		{44665BD1-B97E-4EC1-8631-852CD1170A14}.Release|Any CPU.Build.0 = Release|Any CPU
		{3D4BB670-3614-4E8F-AF90-18522C382F89}.Debug|Any CPU.ActiveCfg = Debug|Any CPU
		{3D4BB670-3614-4E8F-AF90-18522C382F89}.Debug|Any CPU.Build.0 = Debug|Any CPU
		{3D4BB670-3614-4E8F-AF90-18522C382F89}.Release|Any CPU.ActiveCfg = Release|Any CPU
		{3D4BB670-3614-4E8F-AF90-18522C382F89}.Release|Any CPU.Build.0 = Release|Any CPU
		{DEB7398E-234B-4F6E-8A98-5D047EEB23DB}.Debug|Any CPU.ActiveCfg = Debug|Any CPU
		{DEB7398E-234B-4F6E-8A98-5D047EEB23DB}.Debug|Any CPU.Build.0 = Debug|Any CPU
		{DEB7398E-234B-4F6E-8A98-5D047EEB23DB}.Release|Any CPU.ActiveCfg = Release|Any CPU
		{DEB7398E-234B-4F6E-8A98-5D047EEB23DB}.Release|Any CPU.Build.0 = Release|Any CPU
		{D8FF8BCE-3AC6-494C-AF1F-4F58E6529D00}.Debug|Any CPU.ActiveCfg = Debug|Any CPU
		{D8FF8BCE-3AC6-494C-AF1F-4F58E6529D00}.Debug|Any CPU.Build.0 = Debug|Any CPU
		{D8FF8BCE-3AC6-494C-AF1F-4F58E6529D00}.Release|Any CPU.ActiveCfg = Release|Any CPU
		{D8FF8BCE-3AC6-494C-AF1F-4F58E6529D00}.Release|Any CPU.Build.0 = Release|Any CPU
		{B8212D9D-4B97-4F0D-9F2A-FA25E14C8CED}.Debug|Any CPU.ActiveCfg = Debug|Any CPU
		{B8212D9D-4B97-4F0D-9F2A-FA25E14C8CED}.Debug|Any CPU.Build.0 = Debug|Any CPU
		{B8212D9D-4B97-4F0D-9F2A-FA25E14C8CED}.Release|Any CPU.ActiveCfg = Release|Any CPU
		{B8212D9D-4B97-4F0D-9F2A-FA25E14C8CED}.Release|Any CPU.Build.0 = Release|Any CPU
		{35729CF5-4042-419B-BEC5-195D339FBBD9}.Debug|Any CPU.ActiveCfg = Debug|Any CPU
		{35729CF5-4042-419B-BEC5-195D339FBBD9}.Debug|Any CPU.Build.0 = Debug|Any CPU
		{35729CF5-4042-419B-BEC5-195D339FBBD9}.Release|Any CPU.ActiveCfg = Release|Any CPU
		{35729CF5-4042-419B-BEC5-195D339FBBD9}.Release|Any CPU.Build.0 = Release|Any CPU
		{5C9F64AA-0C0B-4249-869D-0334AC09698A}.Debug|Any CPU.ActiveCfg = Debug|Any CPU
		{5C9F64AA-0C0B-4249-869D-0334AC09698A}.Debug|Any CPU.Build.0 = Debug|Any CPU
		{5C9F64AA-0C0B-4249-869D-0334AC09698A}.Release|Any CPU.ActiveCfg = Release|Any CPU
		{5C9F64AA-0C0B-4249-869D-0334AC09698A}.Release|Any CPU.Build.0 = Release|Any CPU
		{DD997D04-12F3-4594-81CD-B687D4CEFBCA}.Debug|Any CPU.ActiveCfg = Debug|Any CPU
		{DD997D04-12F3-4594-81CD-B687D4CEFBCA}.Debug|Any CPU.Build.0 = Debug|Any CPU
		{DD997D04-12F3-4594-81CD-B687D4CEFBCA}.Release|Any CPU.ActiveCfg = Release|Any CPU
		{DD997D04-12F3-4594-81CD-B687D4CEFBCA}.Release|Any CPU.Build.0 = Release|Any CPU
	EndGlobalSection
	GlobalSection(SolutionProperties) = preSolution
		HideSolutionNode = FALSE
	EndGlobalSection
	GlobalSection(NestedProjects) = preSolution
		{CC60A2C2-4763-46E7-95C2-69D0F0E1DF57} = {EDC020C5-4F95-438A-8855-F6AAC2B24BF9}
		{4F0954BF-25AA-4165-A50D-394D50458E32} = {EDC020C5-4F95-438A-8855-F6AAC2B24BF9}
		{9739124D-071D-4705-B1C6-AB4C49F965EC} = {EDC020C5-4F95-438A-8855-F6AAC2B24BF8}
		{F81D0DEA-DF42-47FE-AAA0-A7298BF0C971} = {EDC020C5-4F95-438A-8855-F6AAC2B24BF8}
		{6A871F8F-5544-4A1E-ABCD-133DC83F500F} = {C52E9B51-2A83-4467-9446-54C5DF576A46}
		{FEA473D5-4DFB-4E6A-9B99-609F3CDA45C2} = {C52E9B51-2A83-4467-9446-54C5DF576A46}
		{412D4789-E4C2-476E-A9BB-643B5F12B140} = {5C556B51-55F1-4EDE-82A5-AB7D507FAF8F}
		{017240F9-A974-42A2-9970-11FB5DE5CECB} = {5C556B51-55F1-4EDE-82A5-AB7D507FAF8F}
		{C387F21E-9B86-4197-AABF-13CD1588D960} = {AF305330-E265-4B93-86AE-72198EB14224}
		{12EC8855-CBF8-4D31-B274-2B7AE24CE162} = {AF305330-E265-4B93-86AE-72198EB14224}
		{29CC0B88-2329-48BE-AEA6-BDB8CFB211D4} = {CB6CEAEF-42B2-4FEA-A3CC-7CE679F572D9}
		{0B7CD58C-95F0-48D9-B6BC-7FA5EF58FC7A} = {CB6CEAEF-42B2-4FEA-A3CC-7CE679F572D9}
		{BEACE087-511E-4FB0-A4AE-8C926B38AD73} = {82998407-86D0-4E01-972A-9AE8B8887D5F}
		{9FB941ED-4913-487C-A515-E8CB769D2383} = {82998407-86D0-4E01-972A-9AE8B8887D5F}
		{F1FB874B-BAF3-4249-A8D8-CCA25289905D} = {62CA037B-D088-4C3E-9000-A42AAA295329}
		{01BF9CA9-09D1-4DB5-A3F0-89B90500340C} = {62CA037B-D088-4C3E-9000-A42AAA295329}
		{61B9D075-F115-4E0C-A72C-B3CDCC1635B4} = {E391406E-81B0-429C-988E-CAC2753E2214}
		{1FC6F672-3E74-46A4-997F-8F0B815B6B06} = {E391406E-81B0-429C-988E-CAC2753E2214}
		{43D0AF8B-53AF-4CC8-825B-B3332AC5D547} = {1434360F-652D-4175-906C-E1DBF9A7E7D8}
		{CA53572A-8207-49EE-823D-1A2CBA353285} = {1434360F-652D-4175-906C-E1DBF9A7E7D8}
		{F89393BF-8223-4471-8801-B79484C6E1F9} = {2EAB4762-B34C-4768-BA31-89B67A6AD0E9}
		{0E155361-39AA-4A78-98D3-909E2CCBEF14} = {2EAB4762-B34C-4768-BA31-89B67A6AD0E9}
		{0DED4EAF-0084-4CA0-9AD5-9CEC8A8C1D67} = {9E9BDA9C-DECD-4415-A361-7163340EED7B}
		{DBC002C3-3E9E-4862-B4AF-D9A2FE78BD8F} = {9E9BDA9C-DECD-4415-A361-7163340EED7B}
		{8A7128D0-90BB-4EB5-83DE-71AAF557FB73} = {DBF28E24-1862-457D-A879-E20BA2646378}
		{32A71C5A-3AEA-48D4-BBC8-57FA87AAF548} = {DBF28E24-1862-457D-A879-E20BA2646378}
		{44665BD1-B97E-4EC1-8631-852CD1170A14} = {F94D07E8-2E3B-4231-8799-F7CA0EE6AB62}
		{3D4BB670-3614-4E8F-AF90-18522C382F89} = {F94D07E8-2E3B-4231-8799-F7CA0EE6AB62}
		{DEB7398E-234B-4F6E-8A98-5D047EEB23DB} = {50607D37-2DFD-497C-B5CE-E627D443922D}
		{D8FF8BCE-3AC6-494C-AF1F-4F58E6529D00} = {50607D37-2DFD-497C-B5CE-E627D443922D}
		{B8212D9D-4B97-4F0D-9F2A-FA25E14C8CED} = {768D3CE0-2C2C-49D0-B477-48ECD2431E3F}
		{35729CF5-4042-419B-BEC5-195D339FBBD9} = {768D3CE0-2C2C-49D0-B477-48ECD2431E3F}
		{5C9F64AA-0C0B-4249-869D-0334AC09698A} = {CF14403F-6031-4FED-874F-FEBE3E9A81BE}
		{DD997D04-12F3-4594-81CD-B687D4CEFBCA} = {CF14403F-6031-4FED-874F-FEBE3E9A81BE}
	EndGlobalSection
EndGlobal
